
Microsoft Visual Studio Solution File, Format Version 12.00
# Visual Studio Version 16
VisualStudioVersion = 16.0.30413.136
MinimumVisualStudioVersion = 10.0.40219.1
Project("{FAE04EC0-301F-11D3-BF4B-00C04F79EFBC}") = "Books.Web", "Books.Web\Books.Web.csproj", "{014BF5A1-DD7C-4273-96FF-7DB31B97604D}"
EndProject
Project("{FAE04EC0-301F-11D3-BF4B-00C04F79EFBC}") = "Books.Entities", "Books.Entities\Books.Entities.csproj", "{EBDFB6D3-8895-41AB-8101-0CA59E61202E}"
EndProject
Global
	GlobalSection(SolutionConfigurationPlatforms) = preSolution
		Debug|Any CPU = Debug|Any CPU
		Release|Any CPU = Release|Any CPU
	EndGlobalSection
	GlobalSection(ProjectConfigurationPlatforms) = postSolution
		{014BF5A1-DD7C-4273-96FF-7DB31B97604D}.Debug|Any CPU.ActiveCfg = Debug|Any CPU
		{014BF5A1-DD7C-4273-96FF-7DB31B97604D}.Debug|Any CPU.Build.0 = Debug|Any CPU
		{014BF5A1-DD7C-4273-96FF-7DB31B97604D}.Release|Any CPU.ActiveCfg = Release|Any CPU
		{014BF5A1-DD7C-4273-96FF-7DB31B97604D}.Release|Any CPU.Build.0 = Release|Any CPU
		{EBDFB6D3-8895-41AB-8101-0CA59E61202E}.Debug|Any CPU.ActiveCfg = Debug|Any CPU
		{EBDFB6D3-8895-41AB-8101-0CA59E61202E}.Debug|Any CPU.Build.0 = Debug|Any CPU
		{EBDFB6D3-8895-41AB-8101-0CA59E61202E}.Release|Any CPU.ActiveCfg = Release|Any CPU
		{EBDFB6D3-8895-41AB-8101-0CA59E61202E}.Release|Any CPU.Build.0 = Release|Any CPU
	EndGlobalSection
	GlobalSection(SolutionProperties) = preSolution
		HideSolutionNode = FALSE
	EndGlobalSection
	GlobalSection(ExtensibilityGlobals) = postSolution
		SolutionGuid = {EFA9CDDE-CBF4-4412-84CF-F62FCBDFE213}
	EndGlobalSection
EndGlobal
