
Microsoft Visual Studio Solution File, Format Version 12.00
# Visual Studio Version 16
VisualStudioVersion = 16.0.30413.136
MinimumVisualStudioVersion = 10.0.40219.1
Project("{FAE04EC0-301F-11D3-BF4B-00C04F79EFBC}") = "SampleMVCApplication", "WebApplication4\SampleMVCApplication.csproj", "{5C073714-26C4-4C29-8FD5-123C6AB18A81}"
EndProject
Global
	GlobalSection(SolutionConfigurationPlatforms) = preSolution
		Debug|Any CPU = Debug|Any CPU
		Release|Any CPU = Release|Any CPU
	EndGlobalSection
	GlobalSection(ProjectConfigurationPlatforms) = postSolution
		{5C073714-26C4-4C29-8FD5-123C6AB18A81}.Debug|Any CPU.ActiveCfg = Debug|Any CPU
		{5C073714-26C4-4C29-8FD5-123C6AB18A81}.Debug|Any CPU.Build.0 = Debug|Any CPU
		{5C073714-26C4-4C29-8FD5-123C6AB18A81}.Release|Any CPU.ActiveCfg = Release|Any CPU
		{5C073714-26C4-4C29-8FD5-123C6AB18A81}.Release|Any CPU.Build.0 = Release|Any CPU
	EndGlobalSection
	GlobalSection(SolutionProperties) = preSolution
		HideSolutionNode = FALSE
	EndGlobalSection
	GlobalSection(ExtensibilityGlobals) = postSolution
		SolutionGuid = {CA07FD7D-2A9A-46B7-8280-B1588A390DF2}
	EndGlobalSection
EndGlobal
