
Microsoft Visual Studio Solution File, Format Version 12.00
# Visual Studio Version 16
VisualStudioVersion = 16.0.30413.136
MinimumVisualStudioVersion = 10.0.40219.1
Project("{FAE04EC0-301F-11D3-BF4B-00C04F79EFBC}") = "KatanaIntro", "KatanaIntro\KatanaIntro.csproj", "{97E2A20F-42D4-4BEE-A926-04592C6074F6}"
EndProject
Global
	GlobalSection(SolutionConfigurationPlatforms) = preSolution
		Debug|Any CPU = Debug|Any CPU
		Release|Any CPU = Release|Any CPU
	EndGlobalSection
	GlobalSection(ProjectConfigurationPlatforms) = postSolution
		{97E2A20F-42D4-4BEE-A926-04592C6074F6}.Debug|Any CPU.ActiveCfg = Debug|Any CPU
		{97E2A20F-42D4-4BEE-A926-04592C6074F6}.Debug|Any CPU.Build.0 = Debug|Any CPU
		{97E2A20F-42D4-4BEE-A926-04592C6074F6}.Release|Any CPU.ActiveCfg = Release|Any CPU
		{97E2A20F-42D4-4BEE-A926-04592C6074F6}.Release|Any CPU.Build.0 = Release|Any CPU
	EndGlobalSection
	GlobalSection(SolutionProperties) = preSolution
		HideSolutionNode = FALSE
	EndGlobalSection
	GlobalSection(ExtensibilityGlobals) = postSolution
		SolutionGuid = {319FEC66-7DC8-431F-8D41-5482B3684556}
	EndGlobalSection
EndGlobal
