
Microsoft Visual Studio Solution File, Format Version 12.00
# Visual Studio Version 16
VisualStudioVersion = 16.0.30413.136
MinimumVisualStudioVersion = 10.0.40219.1
Project("{FAE04EC0-301F-11D3-BF4B-00C04F79EFBC}") = "LoginFormMVC", "LoginFormMVC\LoginFormMVC.csproj", "{B3A5E5B8-3DFA-4683-8B07-5719A7170D75}"
EndProject
Global
	GlobalSection(SolutionConfigurationPlatforms) = preSolution
		Debug|Any CPU = Debug|Any CPU
		Release|Any CPU = Release|Any CPU
	EndGlobalSection
	GlobalSection(ProjectConfigurationPlatforms) = postSolution
		{B3A5E5B8-3DFA-4683-8B07-5719A7170D75}.Debug|Any CPU.ActiveCfg = Debug|Any CPU
		{B3A5E5B8-3DFA-4683-8B07-5719A7170D75}.Debug|Any CPU.Build.0 = Debug|Any CPU
		{B3A5E5B8-3DFA-4683-8B07-5719A7170D75}.Release|Any CPU.ActiveCfg = Release|Any CPU
		{B3A5E5B8-3DFA-4683-8B07-5719A7170D75}.Release|Any CPU.Build.0 = Release|Any CPU
	EndGlobalSection
	GlobalSection(SolutionProperties) = preSolution
		HideSolutionNode = FALSE
	EndGlobalSection
	GlobalSection(ExtensibilityGlobals) = postSolution
		SolutionGuid = {EF1DE4D5-B62B-4A79-8E39-BAD7A02F5703}
	EndGlobalSection
EndGlobal
