
Microsoft Visual Studio Solution File, Format Version 12.00
# Visual Studio Version 16
VisualStudioVersion = 16.0.30413.136
MinimumVisualStudioVersion = 10.0.40219.1
Project("{FAE04EC0-301F-11D3-BF4B-00C04F79EFBC}") = "DomainClasses", "DomainClasses\DomainClasses.csproj", "{0ADB879D-288C-4CBE-8E70-40D4D5862795}"
EndProject
Project("{FAE04EC0-301F-11D3-BF4B-00C04F79EFBC}") = "NinjaDomain.DataModel", "NinjaDomain.DataModel\NinjaDomain.DataModel.csproj", "{07AE5DE3-3D9D-454F-A1C8-59582B784FB2}"
EndProject
Global
	GlobalSection(SolutionConfigurationPlatforms) = preSolution
		Debug|Any CPU = Debug|Any CPU
		Release|Any CPU = Release|Any CPU
	EndGlobalSection
	GlobalSection(ProjectConfigurationPlatforms) = postSolution
		{0ADB879D-288C-4CBE-8E70-40D4D5862795}.Debug|Any CPU.ActiveCfg = Debug|Any CPU
		{0ADB879D-288C-4CBE-8E70-40D4D5862795}.Debug|Any CPU.Build.0 = Debug|Any CPU
		{0ADB879D-288C-4CBE-8E70-40D4D5862795}.Release|Any CPU.ActiveCfg = Release|Any CPU
		{0ADB879D-288C-4CBE-8E70-40D4D5862795}.Release|Any CPU.Build.0 = Release|Any CPU
		{07AE5DE3-3D9D-454F-A1C8-59582B784FB2}.Debug|Any CPU.ActiveCfg = Debug|Any CPU
		{07AE5DE3-3D9D-454F-A1C8-59582B784FB2}.Debug|Any CPU.Build.0 = Debug|Any CPU
		{07AE5DE3-3D9D-454F-A1C8-59582B784FB2}.Release|Any CPU.ActiveCfg = Release|Any CPU
		{07AE5DE3-3D9D-454F-A1C8-59582B784FB2}.Release|Any CPU.Build.0 = Release|Any CPU
	EndGlobalSection
	GlobalSection(SolutionProperties) = preSolution
		HideSolutionNode = FALSE
	EndGlobalSection
	GlobalSection(ExtensibilityGlobals) = postSolution
		SolutionGuid = {6C012EA7-5DCF-4B28-9DC1-34B93EC238C5}
	EndGlobalSection
EndGlobal
