
Microsoft Visual Studio Solution File, Format Version 12.00
# Visual Studio Version 16
VisualStudioVersion = 16.0.30413.136
MinimumVisualStudioVersion = 10.0.40219.1
Project("{FAE04EC0-301F-11D3-BF4B-00C04F79EFBC}") = "EFCodeFirst", "EFCodeFirst\EFCodeFirst.csproj", "{628488CE-070A-4C43-A2EE-E05C6F7F172E}"
EndProject
Global
	GlobalSection(SolutionConfigurationPlatforms) = preSolution
		Debug|Any CPU = Debug|Any CPU
		Release|Any CPU = Release|Any CPU
	EndGlobalSection
	GlobalSection(ProjectConfigurationPlatforms) = postSolution
		{628488CE-070A-4C43-A2EE-E05C6F7F172E}.Debug|Any CPU.ActiveCfg = Debug|Any CPU
		{628488CE-070A-4C43-A2EE-E05C6F7F172E}.Debug|Any CPU.Build.0 = Debug|Any CPU
		{628488CE-070A-4C43-A2EE-E05C6F7F172E}.Release|Any CPU.ActiveCfg = Release|Any CPU
		{628488CE-070A-4C43-A2EE-E05C6F7F172E}.Release|Any CPU.Build.0 = Release|Any CPU
	EndGlobalSection
	GlobalSection(SolutionProperties) = preSolution
		HideSolutionNode = FALSE
	EndGlobalSection
	GlobalSection(ExtensibilityGlobals) = postSolution
		SolutionGuid = {4749B8F0-949A-4E49-B415-6331B02ED331}
	EndGlobalSection
EndGlobal
